{
  "version": 4,
  "terraform_version": "1.1.8",
  "serial": 612,
  "lineage": "1fbf6f2d-082f-a2a9-b432-3367a743dac3",
  "outputs": {
    "virtual_machine_location": {
      "value": "eastus",
      "type": "string"
    },
    "virtual_machine_name": {
      "value": "terraVM",
      "type": "string"
    },
    "virtual_machine_pip": {
      "value": "20.120.95.89",
      "type": "string"
    }
  },
  "resources": [
    {
      "mode": "managed",
      "type": "azurerm_network_interface",
      "name": "nic",
      "provider": "provider[\"registry.terraform.io/hashicorp/azurerm\"]",
      "instances": [
        {
          "schema_version": 0,
          "attributes": {
            "applied_dns_servers": [],
            "dns_servers": [],
            "edge_zone": "",
            "enable_accelerated_networking": false,
            "enable_ip_forwarding": false,
            "id": "/subscriptions/6fb9af7b-a6e1-44e0-955d-595b9675e989/resourceGroups/terrademo/providers/Microsoft.Network/networkInterfaces/terranic",
            "internal_dns_name_label": "",
            "internal_domain_name_suffix": "rvefuz4hgdhelcuxvykiafn31h.bx.internal.cloudapp.net",
            "ip_configuration": [
              {
                "gateway_load_balancer_frontend_ip_configuration_id": "",
                "name": "ipconfig1",
                "primary": true,
                "private_ip_address": "10.0.10.4",
                "private_ip_address_allocation": "Dynamic",
                "private_ip_address_version": "IPv4",
                "public_ip_address_id": "/subscriptions/6fb9af7b-a6e1-44e0-955d-595b9675e989/resourceGroups/terrademo/providers/Microsoft.Network/publicIPAddresses/terrapip",
                "subnet_id": "/subscriptions/6fb9af7b-a6e1-44e0-955d-595b9675e989/resourceGroups/terrademo/providers/Microsoft.Network/virtualNetworks/terravnet/subnets/terrasub"
              }
            ],
            "location": "eastus",
            "mac_address": "",
            "name": "terranic",
            "private_ip_address": "10.0.10.4",
            "private_ip_addresses": [
              "10.0.10.4"
            ],
            "resource_group_name": "terrademo",
            "tags": null,
            "timeouts": null,
            "virtual_machine_id": ""
          },
          "sensitive_attributes": [],
          "private": "eyJlMmJmYjczMC1lY2FhLTExZTYtOGY4OC0zNDM2M2JjN2M0YzAiOnsiY3JlYXRlIjoxODAwMDAwMDAwMDAwLCJkZWxldGUiOjE4MDAwMDAwMDAwMDAsInJlYWQiOjMwMDAwMDAwMDAwMCwidXBkYXRlIjoxODAwMDAwMDAwMDAwfX0=",
          "dependencies": [
            "azurerm_public_ip.publicip",
            "azurerm_resource_group.rg",
            "azurerm_subnet.subnet",
            "azurerm_virtual_network.vnet"
          ]
        }
      ]
    },
    {
      "mode": "managed",
      "type": "azurerm_network_interface_security_group_association",
      "name": "terrasg",
      "provider": "provider[\"registry.terraform.io/hashicorp/azurerm\"]",
      "instances": [
        {
          "schema_version": 0,
          "attributes": {
            "id": "/subscriptions/6fb9af7b-a6e1-44e0-955d-595b9675e989/resourceGroups/terrademo/providers/Microsoft.Network/networkInterfaces/terranic|/subscriptions/6fb9af7b-a6e1-44e0-955d-595b9675e989/resourceGroups/terrademo/providers/Microsoft.Network/networkSecurityGroups/terrasg",
            "network_interface_id": "/subscriptions/6fb9af7b-a6e1-44e0-955d-595b9675e989/resourceGroups/terrademo/providers/Microsoft.Network/networkInterfaces/terranic",
            "network_security_group_id": "/subscriptions/6fb9af7b-a6e1-44e0-955d-595b9675e989/resourceGroups/terrademo/providers/Microsoft.Network/networkSecurityGroups/terrasg",
            "timeouts": null
          },
          "sensitive_attributes": [],
          "private": "eyJlMmJmYjczMC1lY2FhLTExZTYtOGY4OC0zNDM2M2JjN2M0YzAiOnsiY3JlYXRlIjoxODAwMDAwMDAwMDAwLCJkZWxldGUiOjE4MDAwMDAwMDAwMDAsInJlYWQiOjMwMDAwMDAwMDAwMCwidXBkYXRlIjoxODAwMDAwMDAwMDAwfX0=",
          "dependencies": [
            "azurerm_network_interface.nic",
            "azurerm_network_security_group.terraweb",
            "azurerm_public_ip.publicip",
            "azurerm_resource_group.rg",
            "azurerm_subnet.subnet",
            "azurerm_virtual_network.vnet"
          ]
        }
      ]
    },
    {
      "mode": "managed",
      "type": "azurerm_network_security_group",
      "name": "terraweb",
      "provider": "provider[\"registry.terraform.io/hashicorp/azurerm\"]",
      "instances": [
        {
          "schema_version": 0,
          "attributes": {
            "id": "/subscriptions/6fb9af7b-a6e1-44e0-955d-595b9675e989/resourceGroups/terrademo/providers/Microsoft.Network/networkSecurityGroups/terrasg",
            "location": "eastus",
            "name": "terrasg",
            "resource_group_name": "terrademo",
            "security_rule": [
              {
                "access": "Allow",
                "description": "",
                "destination_address_prefix": "10.0.10.4",
                "destination_address_prefixes": [],
                "destination_application_security_group_ids": [],
                "destination_port_range": "22",
                "destination_port_ranges": [],
                "direction": "Inbound",
                "name": "ssh",
                "priority": 105,
                "protocol": "Tcp",
                "source_address_prefix": "*",
                "source_address_prefixes": [],
                "source_application_security_group_ids": [],
                "source_port_range": "*",
                "source_port_ranges": []
              },
              {
                "access": "Allow",
                "description": "",
                "destination_address_prefix": "10.0.10.4",
                "destination_address_prefixes": [],
                "destination_application_security_group_ids": [],
                "destination_port_range": "3389",
                "destination_port_ranges": [],
                "direction": "Inbound",
                "name": "RDP-3389",
                "priority": 102,
                "protocol": "Tcp",
                "source_address_prefix": "*",
                "source_address_prefixes": [],
                "source_application_security_group_ids": [],
                "source_port_range": "*",
                "source_port_ranges": []
              },
              {
                "access": "Allow",
                "description": "",
                "destination_address_prefix": "10.0.10.4",
                "destination_address_prefixes": [],
                "destination_application_security_group_ids": [],
                "destination_port_range": "443",
                "destination_port_ranges": [],
                "direction": "Inbound",
                "name": "https443",
                "priority": 100,
                "protocol": "Tcp",
                "source_address_prefix": "*",
                "source_address_prefixes": [],
                "source_application_security_group_ids": [],
                "source_port_range": "*",
                "source_port_ranges": []
              },
              {
                "access": "Allow",
                "description": "",
                "destination_address_prefix": "10.0.10.4",
                "destination_address_prefixes": [],
                "destination_application_security_group_ids": [],
                "destination_port_range": "5985",
                "destination_port_ranges": [],
                "direction": "Inbound",
                "name": "winrm-http",
                "priority": 103,
                "protocol": "Tcp",
                "source_address_prefix": "*",
                "source_address_prefixes": [],
                "source_application_security_group_ids": [],
                "source_port_range": "*",
                "source_port_ranges": []
              },
              {
                "access": "Allow",
                "description": "",
                "destination_address_prefix": "10.0.10.4",
                "destination_address_prefixes": [],
                "destination_application_security_group_ids": [],
                "destination_port_range": "5986",
                "destination_port_ranges": [],
                "direction": "Inbound",
                "name": "winrm-https",
                "priority": 104,
                "protocol": "Tcp",
                "source_address_prefix": "*",
                "source_address_prefixes": [],
                "source_application_security_group_ids": [],
                "source_port_range": "*",
                "source_port_ranges": []
              },
              {
                "access": "Allow",
                "description": "",
                "destination_address_prefix": "10.0.10.4",
                "destination_address_prefixes": [],
                "destination_application_security_group_ids": [],
                "destination_port_range": "80",
                "destination_port_ranges": [],
                "direction": "Inbound",
                "name": "http80",
                "priority": 101,
                "protocol": "Tcp",
                "source_address_prefix": "*",
                "source_address_prefixes": [],
                "source_application_security_group_ids": [],
                "source_port_range": "*",
                "source_port_ranges": []
              }
            ],
            "tags": null,
            "timeouts": null
          },
          "sensitive_attributes": [],
          "private": "eyJlMmJmYjczMC1lY2FhLTExZTYtOGY4OC0zNDM2M2JjN2M0YzAiOnsiY3JlYXRlIjoxODAwMDAwMDAwMDAwLCJkZWxldGUiOjE4MDAwMDAwMDAwMDAsInJlYWQiOjMwMDAwMDAwMDAwMCwidXBkYXRlIjoxODAwMDAwMDAwMDAwfX0=",
          "dependencies": [
            "azurerm_network_interface.nic",
            "azurerm_public_ip.publicip",
            "azurerm_resource_group.rg",
            "azurerm_subnet.subnet",
            "azurerm_virtual_network.vnet"
          ]
        }
      ]
    },
    {
      "mode": "managed",
      "type": "azurerm_public_ip",
      "name": "publicip",
      "provider": "provider[\"registry.terraform.io/hashicorp/azurerm\"]",
      "instances": [
        {
          "schema_version": 0,
          "attributes": {
            "allocation_method": "Dynamic",
            "domain_name_label": null,
            "edge_zone": "",
            "fqdn": null,
            "id": "/subscriptions/6fb9af7b-a6e1-44e0-955d-595b9675e989/resourceGroups/terrademo/providers/Microsoft.Network/publicIPAddresses/terrapip",
            "idle_timeout_in_minutes": 4,
            "ip_address": "",
            "ip_tags": null,
            "ip_version": "IPv4",
            "location": "eastus",
            "name": "terrapip",
            "public_ip_prefix_id": null,
            "resource_group_name": "terrademo",
            "reverse_fqdn": null,
            "sku": "Basic",
            "sku_tier": "Regional",
            "tags": null,
            "timeouts": null,
            "zones": null
          },
          "sensitive_attributes": [],
          "private": "eyJlMmJmYjczMC1lY2FhLTExZTYtOGY4OC0zNDM2M2JjN2M0YzAiOnsiY3JlYXRlIjoxODAwMDAwMDAwMDAwLCJkZWxldGUiOjE4MDAwMDAwMDAwMDAsInJlYWQiOjMwMDAwMDAwMDAwMCwidXBkYXRlIjoxODAwMDAwMDAwMDAwfX0=",
          "dependencies": [
            "azurerm_resource_group.rg"
          ]
        }
      ]
    },
    {
      "mode": "managed",
      "type": "azurerm_resource_group",
      "name": "rg",
      "provider": "provider[\"registry.terraform.io/hashicorp/azurerm\"]",
      "instances": [
        {
          "schema_version": 0,
          "attributes": {
            "id": "/subscriptions/6fb9af7b-a6e1-44e0-955d-595b9675e989/resourceGroups/terrademo",
            "location": "eastus",
            "name": "terrademo",
            "tags": {
              "environment": "dev",
              "source": "Terraform"
            },
            "timeouts": null
          },
          "sensitive_attributes": [],
          "private": "eyJlMmJmYjczMC1lY2FhLTExZTYtOGY4OC0zNDM2M2JjN2M0YzAiOnsiY3JlYXRlIjo1NDAwMDAwMDAwMDAwLCJkZWxldGUiOjU0MDAwMDAwMDAwMDAsInJlYWQiOjMwMDAwMDAwMDAwMCwidXBkYXRlIjo1NDAwMDAwMDAwMDAwfX0="
        }
      ]
    },
    {
      "mode": "managed",
      "type": "azurerm_storage_account",
      "name": "storageTF",
      "provider": "provider[\"registry.terraform.io/hashicorp/azurerm\"]",
      "instances": [
        {
          "schema_version": 3,
          "attributes": {
            "access_tier": "",
            "account_kind": "Storage",
            "account_replication_type": "LRS",
            "account_tier": "Standard",
            "allow_nested_items_to_be_public": true,
            "azure_files_authentication": [],
            "blob_properties": [
              {
                "change_feed_enabled": false,
                "container_delete_retention_policy": [],
                "cors_rule": [],
                "default_service_version": "",
                "delete_retention_policy": [],
                "last_access_time_enabled": false,
                "versioning_enabled": false
              }
            ],
            "custom_domain": [],
            "customer_managed_key": [],
            "edge_zone": "",
            "enable_https_traffic_only": true,
            "id": "/subscriptions/6fb9af7b-a6e1-44e0-955d-595b9675e989/resourceGroups/terrademo/providers/Microsoft.Storage/storageAccounts/terrastoragewin886",
            "identity": [],
            "infrastructure_encryption_enabled": false,
            "is_hns_enabled": false,
            "large_file_share_enabled": null,
            "location": "eastus",
            "min_tls_version": "TLS1_2",
            "name": "terrastoragewin886",
            "network_rules": [
              {
                "bypass": [
                  "AzureServices"
                ],
                "default_action": "Allow",
                "ip_rules": [],
                "private_link_access": [],
                "virtual_network_subnet_ids": []
              }
            ],
            "nfsv3_enabled": false,
            "primary_access_key": "4e0dlZ27Bjp96ivZ/m8skRRaHEQBK+iKGPVBrSryeqYucI0/3bhox3FN7YsLK3RnzdtouVDTwQ57+AStTsjc2w==",
            "primary_blob_connection_string": "DefaultEndpointsProtocol=https;BlobEndpoint=https://terrastoragewin886.blob.core.windows.net/;AccountName=terrastoragewin886;AccountKey=4e0dlZ27Bjp96ivZ/m8skRRaHEQBK+iKGPVBrSryeqYucI0/3bhox3FN7YsLK3RnzdtouVDTwQ57+AStTsjc2w==",
            "primary_blob_endpoint": "https://terrastoragewin886.blob.core.windows.net/",
            "primary_blob_host": "terrastoragewin886.blob.core.windows.net",
            "primary_connection_string": "DefaultEndpointsProtocol=https;AccountName=terrastoragewin886;AccountKey=4e0dlZ27Bjp96ivZ/m8skRRaHEQBK+iKGPVBrSryeqYucI0/3bhox3FN7YsLK3RnzdtouVDTwQ57+AStTsjc2w==;EndpointSuffix=core.windows.net",
            "primary_dfs_endpoint": "",
            "primary_dfs_host": "",
            "primary_file_endpoint": "https://terrastoragewin886.file.core.windows.net/",
            "primary_file_host": "terrastoragewin886.file.core.windows.net",
            "primary_location": "eastus",
            "primary_queue_endpoint": "https://terrastoragewin886.queue.core.windows.net/",
            "primary_queue_host": "terrastoragewin886.queue.core.windows.net",
            "primary_table_endpoint": "https://terrastoragewin886.table.core.windows.net/",
            "primary_table_host": "terrastoragewin886.table.core.windows.net",
            "primary_web_endpoint": "",
            "primary_web_host": "",
            "queue_encryption_key_type": "Service",
            "queue_properties": [
              {
                "cors_rule": [],
                "hour_metrics": [
                  {
                    "enabled": true,
                    "include_apis": true,
                    "retention_policy_days": 7,
                    "version": "1.0"
                  }
                ],
                "logging": [
                  {
                    "delete": false,
                    "read": false,
                    "retention_policy_days": 0,
                    "version": "1.0",
                    "write": false
                  }
                ],
                "minute_metrics": [
                  {
                    "enabled": false,
                    "include_apis": false,
                    "retention_policy_days": 0,
                    "version": "1.0"
                  }
                ]
              }
            ],
            "resource_group_name": "terrademo",
            "routing": [],
            "secondary_access_key": "9QZ2Z+2w4qjyWVpzQMdVuNyS+np/E5/RcwYKyx/6zDnJaGgogeZpAmICN6l6YXEDyeLlk7o+l+8U+AStywi6wQ==",
            "secondary_blob_connection_string": "",
            "secondary_blob_endpoint": null,
            "secondary_blob_host": null,
            "secondary_connection_string": "DefaultEndpointsProtocol=https;AccountName=terrastoragewin886;AccountKey=9QZ2Z+2w4qjyWVpzQMdVuNyS+np/E5/RcwYKyx/6zDnJaGgogeZpAmICN6l6YXEDyeLlk7o+l+8U+AStywi6wQ==;EndpointSuffix=core.windows.net",
            "secondary_dfs_endpoint": null,
            "secondary_dfs_host": null,
            "secondary_file_endpoint": null,
            "secondary_file_host": null,
            "secondary_location": "",
            "secondary_queue_endpoint": null,
            "secondary_queue_host": null,
            "secondary_table_endpoint": null,
            "secondary_table_host": null,
            "secondary_web_endpoint": null,
            "secondary_web_host": null,
            "share_properties": [
              {
                "cors_rule": [],
                "retention_policy": [
                  {
                    "days": 7
                  }
                ],
                "smb": []
              }
            ],
            "shared_access_key_enabled": true,
            "static_website": [],
            "table_encryption_key_type": "Service",
            "tags": null,
            "timeouts": null
          },
          "sensitive_attributes": [],
          "private": "eyJlMmJmYjczMC1lY2FhLTExZTYtOGY4OC0zNDM2M2JjN2M0YzAiOnsiY3JlYXRlIjozNjAwMDAwMDAwMDAwLCJkZWxldGUiOjM2MDAwMDAwMDAwMDAsInJlYWQiOjMwMDAwMDAwMDAwMCwidXBkYXRlIjozNjAwMDAwMDAwMDAwfSwic2NoZW1hX3ZlcnNpb24iOiIzIn0=",
          "dependencies": [
            "azurerm_resource_group.rg"
          ]
        }
      ]
    },
    {
      "mode": "managed",
      "type": "azurerm_storage_blob",
      "name": "winrm_config",
      "provider": "provider[\"registry.terraform.io/hashicorp/azurerm\"]",
      "instances": [
        {
          "schema_version": 1,
          "attributes": {
            "access_tier": "",
            "cache_control": "",
            "content_md5": "",
            "content_type": "application/octet-stream",
            "id": "https://terrastoragewin886.blob.core.windows.net/datatf/winrm_setup.ps1",
            "metadata": {},
            "name": "winrm_setup.ps1",
            "parallelism": 8,
            "size": 0,
            "source": "winrm_setup.ps1",
            "source_content": null,
            "source_uri": null,
            "storage_account_name": "terrastoragewin886",
            "storage_container_name": "datatf",
            "timeouts": null,
            "type": "Block",
            "url": "https://terrastoragewin886.blob.core.windows.net/datatf/winrm_setup.ps1"
          },
          "sensitive_attributes": [],
          "private": "eyJlMmJmYjczMC1lY2FhLTExZTYtOGY4OC0zNDM2M2JjN2M0YzAiOnsiY3JlYXRlIjoxODAwMDAwMDAwMDAwLCJkZWxldGUiOjE4MDAwMDAwMDAwMDAsInJlYWQiOjMwMDAwMDAwMDAwMCwidXBkYXRlIjoxODAwMDAwMDAwMDAwfSwic2NoZW1hX3ZlcnNpb24iOiIxIn0=",
          "dependencies": [
            "azurerm_resource_group.rg",
            "azurerm_storage_account.storageTF",
            "azurerm_storage_container.datatf"
          ]
        }
      ]
    },
    {
      "mode": "managed",
      "type": "azurerm_storage_container",
      "name": "datatf",
      "provider": "provider[\"registry.terraform.io/hashicorp/azurerm\"]",
      "instances": [
        {
          "schema_version": 1,
          "attributes": {
            "container_access_type": "blob",
            "has_immutability_policy": false,
            "has_legal_hold": false,
            "id": "https://terrastoragewin886.blob.core.windows.net/datatf",
            "metadata": {},
            "name": "datatf",
            "resource_manager_id": "/subscriptions/6fb9af7b-a6e1-44e0-955d-595b9675e989/resourceGroups/terrademo/providers/Microsoft.Storage/storageAccounts/terrastoragewin886/blobServices/default/containers/datatf",
            "storage_account_name": "terrastoragewin886",
            "timeouts": null
          },
          "sensitive_attributes": [],
          "private": "eyJlMmJmYjczMC1lY2FhLTExZTYtOGY4OC0zNDM2M2JjN2M0YzAiOnsiY3JlYXRlIjoxODAwMDAwMDAwMDAwLCJkZWxldGUiOjE4MDAwMDAwMDAwMDAsInJlYWQiOjMwMDAwMDAwMDAwMCwidXBkYXRlIjoxODAwMDAwMDAwMDAwfSwic2NoZW1hX3ZlcnNpb24iOiIxIn0=",
          "dependencies": [
            "azurerm_resource_group.rg",
            "azurerm_storage_account.storageTF"
          ]
        }
      ]
    },
    {
      "mode": "managed",
      "type": "azurerm_subnet",
      "name": "subnet",
      "provider": "provider[\"registry.terraform.io/hashicorp/azurerm\"]",
      "instances": [
        {
          "schema_version": 0,
          "attributes": {
            "address_prefixes": [
              "10.0.10.0/24"
            ],
            "delegation": [],
            "enforce_private_link_endpoint_network_policies": false,
            "enforce_private_link_service_network_policies": false,
            "id": "/subscriptions/6fb9af7b-a6e1-44e0-955d-595b9675e989/resourceGroups/terrademo/providers/Microsoft.Network/virtualNetworks/terravnet/subnets/terrasub",
            "name": "terrasub",
            "resource_group_name": "terrademo",
            "service_endpoint_policy_ids": null,
            "service_endpoints": null,
            "timeouts": null,
            "virtual_network_name": "terravnet"
          },
          "sensitive_attributes": [],
          "private": "eyJlMmJmYjczMC1lY2FhLTExZTYtOGY4OC0zNDM2M2JjN2M0YzAiOnsiY3JlYXRlIjoxODAwMDAwMDAwMDAwLCJkZWxldGUiOjE4MDAwMDAwMDAwMDAsInJlYWQiOjMwMDAwMDAwMDAwMCwidXBkYXRlIjoxODAwMDAwMDAwMDAwfX0=",
          "dependencies": [
            "azurerm_resource_group.rg",
            "azurerm_virtual_network.vnet"
          ]
        }
      ]
    },
    {
      "mode": "managed",
      "type": "azurerm_virtual_machine_extension",
      "name": "vmex",
      "provider": "provider[\"registry.terraform.io/hashicorp/azurerm\"]",
      "instances": [
        {
          "schema_version": 0,
          "attributes": {
            "auto_upgrade_minor_version": false,
            "automatic_upgrade_enabled": false,
            "id": "/subscriptions/6fb9af7b-a6e1-44e0-955d-595b9675e989/resourceGroups/terrademo/providers/Microsoft.Compute/virtualMachines/terraVM/extensions/WINRM-extension",
            "name": "WINRM-extension",
            "protected_settings": null,
            "publisher": "Microsoft.Compute",
            "settings": "{\"commandToExecute\":\"powershell.exe ./winrm_setup.ps1\",\"fileUris\":[\"https://terrastoragewin886.blob.core.windows.net/datatf/winrm_setup.ps1\"]}",
            "tags": null,
            "timeouts": null,
            "type": "CustomScriptExtension",
            "type_handler_version": "1.10",
            "virtual_machine_id": "/subscriptions/6fb9af7b-a6e1-44e0-955d-595b9675e989/resourceGroups/terrademo/providers/Microsoft.Compute/virtualMachines/terraVM"
          },
          "sensitive_attributes": [],
          "private": "eyJlMmJmYjczMC1lY2FhLTExZTYtOGY4OC0zNDM2M2JjN2M0YzAiOnsiY3JlYXRlIjoxODAwMDAwMDAwMDAwLCJkZWxldGUiOjE4MDAwMDAwMDAwMDAsInJlYWQiOjMwMDAwMDAwMDAwMCwidXBkYXRlIjoxODAwMDAwMDAwMDAwfX0=",
          "dependencies": [
            "azurerm_network_interface.nic",
            "azurerm_public_ip.publicip",
            "azurerm_resource_group.rg",
            "azurerm_storage_account.storageTF",
            "azurerm_storage_blob.winrm_config",
            "azurerm_storage_container.datatf",
            "azurerm_subnet.subnet",
            "azurerm_virtual_network.vnet",
            "azurerm_windows_virtual_machine.vm"
          ]
        }
      ]
    },
    {
      "mode": "managed",
      "type": "azurerm_virtual_network",
      "name": "vnet",
      "provider": "provider[\"registry.terraform.io/hashicorp/azurerm\"]",
      "instances": [
        {
          "schema_version": 0,
          "attributes": {
            "address_space": [
              "10.0.0.0/16"
            ],
            "bgp_community": "",
            "ddos_protection_plan": [],
            "dns_servers": [],
            "edge_zone": "",
            "flow_timeout_in_minutes": 0,
            "guid": "675a488d-30c7-45ce-8a97-ae148015bddf",
            "id": "/subscriptions/6fb9af7b-a6e1-44e0-955d-595b9675e989/resourceGroups/terrademo/providers/Microsoft.Network/virtualNetworks/terravnet",
            "location": "eastus",
            "name": "terravnet",
            "resource_group_name": "terrademo",
            "subnet": [],
            "tags": null,
            "timeouts": null
          },
          "sensitive_attributes": [],
          "private": "eyJlMmJmYjczMC1lY2FhLTExZTYtOGY4OC0zNDM2M2JjN2M0YzAiOnsiY3JlYXRlIjoxODAwMDAwMDAwMDAwLCJkZWxldGUiOjE4MDAwMDAwMDAwMDAsInJlYWQiOjMwMDAwMDAwMDAwMCwidXBkYXRlIjoxODAwMDAwMDAwMDAwfX0=",
          "dependencies": [
            "azurerm_resource_group.rg"
          ]
        }
      ]
    },
    {
      "mode": "managed",
      "type": "azurerm_windows_virtual_machine",
      "name": "vm",
      "provider": "provider[\"registry.terraform.io/hashicorp/azurerm\"]",
      "instances": [
        {
          "schema_version": 0,
          "attributes": {
            "additional_capabilities": [],
            "additional_unattend_content": [],
            "admin_password": "Password123!",
            "admin_username": "azureuser",
            "allow_extension_operations": true,
            "availability_set_id": "",
            "boot_diagnostics": [],
            "computer_name": "ansiblevm",
            "custom_data": null,
            "dedicated_host_group_id": "",
            "dedicated_host_id": "",
            "edge_zone": "",
            "enable_automatic_updates": true,
            "encryption_at_host_enabled": false,
            "eviction_policy": "",
            "extensions_time_budget": "PT1H30M",
            "hotpatching_enabled": false,
            "id": "/subscriptions/6fb9af7b-a6e1-44e0-955d-595b9675e989/resourceGroups/terrademo/providers/Microsoft.Compute/virtualMachines/terraVM",
            "identity": [],
            "license_type": "",
            "location": "eastus",
            "max_bid_price": -1,
            "name": "terraVM",
            "network_interface_ids": [
              "/subscriptions/6fb9af7b-a6e1-44e0-955d-595b9675e989/resourceGroups/terrademo/providers/Microsoft.Network/networkInterfaces/terranic"
            ],
            "os_disk": [
              {
                "caching": "ReadWrite",
                "diff_disk_settings": [],
                "disk_encryption_set_id": "",
                "disk_size_gb": 127,
                "name": "terraVM_OsDisk_1_8f8f6b74f1134c2fac468b6969e736a4",
                "storage_account_type": "Standard_LRS",
                "write_accelerator_enabled": false
              }
            ],
            "patch_mode": "AutomaticByOS",
            "plan": [],
            "platform_fault_domain": -1,
            "priority": "Regular",
            "private_ip_address": "10.0.10.4",
            "private_ip_addresses": [
              "10.0.10.4"
            ],
            "provision_vm_agent": true,
            "proximity_placement_group_id": "",
            "public_ip_address": "20.120.95.89",
            "public_ip_addresses": [
              "20.120.95.89"
            ],
            "resource_group_name": "terrademo",
            "secret": [],
            "secure_boot_enabled": false,
            "size": "Standard_B2s",
            "source_image_id": "",
            "source_image_reference": [
              {
                "offer": "WindowsServer",
                "publisher": "MicrosoftWindowsServer",
                "sku": "2016-Datacenter",
                "version": "latest"
              }
            ],
            "tags": null,
            "termination_notification": null,
            "timeouts": null,
            "timezone": "",
            "user_data": "",
            "virtual_machine_id": "381a4aaf-e36a-488e-9ad5-4bf467cdbd10",
            "virtual_machine_scale_set_id": "",
            "vtpm_enabled": false,
            "winrm_listener": [],
            "zone": ""
          },
          "sensitive_attributes": [],
          "private": "eyJlMmJmYjczMC1lY2FhLTExZTYtOGY4OC0zNDM2M2JjN2M0YzAiOnsiY3JlYXRlIjoyNzAwMDAwMDAwMDAwLCJkZWxldGUiOjI3MDAwMDAwMDAwMDAsInJlYWQiOjMwMDAwMDAwMDAwMCwidXBkYXRlIjoyNzAwMDAwMDAwMDAwfX0=",
          "dependencies": [
            "azurerm_network_interface.nic",
            "azurerm_public_ip.publicip",
            "azurerm_resource_group.rg",
            "azurerm_subnet.subnet",
            "azurerm_virtual_network.vnet"
          ]
        }
      ]
    },
    {
      "mode": "managed",
      "type": "local_file",
      "name": "terransifile",
      "provider": "provider[\"registry.terraform.io/hashicorp/local\"]",
      "instances": [
        {
          "schema_version": 0,
          "attributes": {
            "content": "[win]\n20.120.95.89\n[win:vars]\nansible_user= azureuser \nansible_password= Password123!\nansible_port=5986\nansible_connection=winrm\nansible_winrm_scheme=http\nansible_winrm_scheme=https\nansible_winrm_transport=credssp\nansible_winrm_server_cert_validation=ignore\n#ansible_winrm_kerberos_delegation=true\n\n",
            "content_base64": null,
            "directory_permission": "0777",
            "file_permission": "0755",
            "filename": "/home/user1/cloudutils/ansible/winansible/inventory/azure-hosts2.ini",
            "id": "aa60f965766ad6d7f55e9a959bc1ccdec390bb4c",
            "sensitive_content": null,
            "source": null
          },
          "sensitive_attributes": [
            [
              {
                "type": "get_attr",
                "value": "content"
              }
            ]
          ],
          "private": "bnVsbA==",
          "dependencies": [
            "azurerm_network_interface.nic",
            "azurerm_public_ip.publicip",
            "azurerm_resource_group.rg",
            "azurerm_storage_account.storageTF",
            "azurerm_storage_blob.winrm_config",
            "azurerm_storage_container.datatf",
            "azurerm_subnet.subnet",
            "azurerm_virtual_machine_extension.vmex",
            "azurerm_virtual_network.vnet",
            "azurerm_windows_virtual_machine.vm"
          ]
        }
      ]
    }
  ]
}
